// !$*UTF8*$!
{
	archiveVersion = 1;
	classes = {
	};
	objectVersion = 46;
	objects = {

/* Begin PBXBuildFile section */
		69E75939CDFEB4FB71173A42 /* libPods-CustomTransitions.a in Frameworks */ = {isa = PBXBuildFile; fileRef = EC629B76C291A34B77B8D57A /* libPods-CustomTransitions.a */; };
		ED12A2F01D6204460009A6B0 /* main.m in Sources */ = {isa = PBXBuildFile; fileRef = ED12A2EF1D6204460009A6B0 /* main.m */; };
		ED12A2F31D6204460009A6B0 /* AppDelegate.m in Sources */ = {isa = PBXBuildFile; fileRef = ED12A2F21D6204460009A6B0 /* AppDelegate.m */; };
		ED12A2F91D6204460009A6B0 /* Main.storyboard in Resources */ = {isa = PBXBuildFile; fileRef = ED12A2F71D6204460009A6B0 /* Main.storyboard */; };
		ED12A2FB1D6204460009A6B0 /* Assets.xcassets in Resources */ = {isa = PBXBuildFile; fileRef = ED12A2FA1D6204460009A6B0 /* Assets.xcassets */; };
		ED12A2FE1D6204460009A6B0 /* LaunchScreen.storyboard in Resources */ = {isa = PBXBuildFile; fileRef = ED12A2FC1D6204460009A6B0 /* LaunchScreen.storyboard */; };
		ED12A30B1D6205910009A6B0 /* CTMenuViewController.m in Sources */ = {isa = PBXBuildFile; fileRef = ED12A30A1D6205910009A6B0 /* CTMenuViewController.m */; };
		ED12A30E1D6206A60009A6B0 /* CTMenuTableViewCell.m in Sources */ = {isa = PBXBuildFile; fileRef = ED12A30D1D6206A60009A6B0 /* CTMenuTableViewCell.m */; };
		ED12A3121D620ACA0009A6B0 /* CTCrossDissolveFirstViewController.m in Sources */ = {isa = PBXBuildFile; fileRef = ED12A3111D620ACA0009A6B0 /* CTCrossDissolveFirstViewController.m */; };
		ED12A3151D620F350009A6B0 /* UIColor+CTCustomColors.m in Sources */ = {isa = PBXBuildFile; fileRef = ED12A3141D620F350009A6B0 /* UIColor+CTCustomColors.m */; };
		ED12A3191D6213690009A6B0 /* CTCrossDissolveSecondViewController.m in Sources */ = {isa = PBXBuildFile; fileRef = ED12A3181D6213690009A6B0 /* CTCrossDissolveSecondViewController.m */; };
		ED12A31C1D62139B0009A6B0 /* CTCrossDissolveTransitionAnimator.m in Sources */ = {isa = PBXBuildFile; fileRef = ED12A31B1D62139B0009A6B0 /* CTCrossDissolveTransitionAnimator.m */; };
/* End PBXBuildFile section */

/* Begin PBXFileReference section */
		6F6F1DA5CF8F2D700EC1735D /* Pods-CustomTransitions.release.xcconfig */ = {isa = PBXFileReference; includeInIndex = 1; lastKnownFileType = text.xcconfig; name = "Pods-CustomTransitions.release.xcconfig"; path = "Pods/Target Support Files/Pods-CustomTransitions/Pods-CustomTransitions.release.xcconfig"; sourceTree = "<group>"; };
		E634534B927E49519F8B2F8C /* Pods-CustomTransitions.debug.xcconfig */ = {isa = PBXFileReference; includeInIndex = 1; lastKnownFileType = text.xcconfig; name = "Pods-CustomTransitions.debug.xcconfig"; path = "Pods/Target Support Files/Pods-CustomTransitions/Pods-CustomTransitions.debug.xcconfig"; sourceTree = "<group>"; };
		EC629B76C291A34B77B8D57A /* libPods-CustomTransitions.a */ = {isa = PBXFileReference; explicitFileType = archive.ar; includeInIndex = 0; path = "libPods-CustomTransitions.a"; sourceTree = BUILT_PRODUCTS_DIR; };
		ED12A2EB1D6204460009A6B0 /* CustomTransitions.app */ = {isa = PBXFileReference; explicitFileType = wrapper.application; includeInIndex = 0; path = CustomTransitions.app; sourceTree = BUILT_PRODUCTS_DIR; };
		ED12A2EF1D6204460009A6B0 /* main.m */ = {isa = PBXFileReference; lastKnownFileType = sourcecode.c.objc; path = main.m; sourceTree = "<group>"; };
		ED12A2F11D6204460009A6B0 /* AppDelegate.h */ = {isa = PBXFileReference; lastKnownFileType = sourcecode.c.h; path = AppDelegate.h; sourceTree = "<group>"; };
		ED12A2F21D6204460009A6B0 /* AppDelegate.m */ = {isa = PBXFileReference; lastKnownFileType = sourcecode.c.objc; path = AppDelegate.m; sourceTree = "<group>"; };
		ED12A2F81D6204460009A6B0 /* Base */ = {isa = PBXFileReference; lastKnownFileType = file.storyboard; name = Base; path = Base.lproj/Main.storyboard; sourceTree = "<group>"; };
		ED12A2FA1D6204460009A6B0 /* Assets.xcassets */ = {isa = PBXFileReference; lastKnownFileType = folder.assetcatalog; name = Assets.xcassets; path = ../Assets.xcassets; sourceTree = "<group>"; };
		ED12A2FD1D6204460009A6B0 /* Base */ = {isa = PBXFileReference; lastKnownFileType = file.storyboard; name = Base; path = Base.lproj/LaunchScreen.storyboard; sourceTree = "<group>"; };
		ED12A2FF1D6204460009A6B0 /* Info.plist */ = {isa = PBXFileReference; lastKnownFileType = text.plist.xml; path = Info.plist; sourceTree = "<group>"; };
		ED12A3091D6205910009A6B0 /* CTMenuViewController.h */ = {isa = PBXFileReference; fileEncoding = 4; lastKnownFileType = sourcecode.c.h; path = CTMenuViewController.h; sourceTree = "<group>"; };
		ED12A30A1D6205910009A6B0 /* CTMenuViewController.m */ = {isa = PBXFileReference; fileEncoding = 4; lastKnownFileType = sourcecode.c.objc; path = CTMenuViewController.m; sourceTree = "<group>"; };
		ED12A30C1D6206A60009A6B0 /* CTMenuTableViewCell.h */ = {isa = PBXFileReference; fileEncoding = 4; lastKnownFileType = sourcecode.c.h; path = CTMenuTableViewCell.h; sourceTree = "<group>"; };
		ED12A30D1D6206A60009A6B0 /* CTMenuTableViewCell.m */ = {isa = PBXFileReference; fileEncoding = 4; lastKnownFileType = sourcecode.c.objc; path = CTMenuTableViewCell.m; sourceTree = "<group>"; };
		ED12A3101D620ACA0009A6B0 /* CTCrossDissolveFirstViewController.h */ = {isa = PBXFileReference; fileEncoding = 4; lastKnownFileType = sourcecode.c.h; path = CTCrossDissolveFirstViewController.h; sourceTree = "<group>"; };
		ED12A3111D620ACA0009A6B0 /* CTCrossDissolveFirstViewController.m */ = {isa = PBXFileReference; fileEncoding = 4; lastKnownFileType = sourcecode.c.objc; path = CTCrossDissolveFirstViewController.m; sourceTree = "<group>"; };
		ED12A3131D620F350009A6B0 /* UIColor+CTCustomColors.h */ = {isa = PBXFileReference; fileEncoding = 4; lastKnownFileType = sourcecode.c.h; path = "UIColor+CTCustomColors.h"; sourceTree = "<group>"; };
		ED12A3141D620F350009A6B0 /* UIColor+CTCustomColors.m */ = {isa = PBXFileReference; fileEncoding = 4; lastKnownFileType = sourcecode.c.objc; path = "UIColor+CTCustomColors.m"; sourceTree = "<group>"; };
		ED12A3161D6210CE0009A6B0 /* PrefixHeader.pch */ = {isa = PBXFileReference; lastKnownFileType = sourcecode.c.h; path = PrefixHeader.pch; sourceTree = "<group>"; };
		ED12A3171D6213690009A6B0 /* CTCrossDissolveSecondViewController.h */ = {isa = PBXFileReference; fileEncoding = 4; lastKnownFileType = sourcecode.c.h; path = CTCrossDissolveSecondViewController.h; sourceTree = "<group>"; };
		ED12A3181D6213690009A6B0 /* CTCrossDissolveSecondViewController.m */ = {isa = PBXFileReference; fileEncoding = 4; lastKnownFileType = sourcecode.c.objc; path = CTCrossDissolveSecondViewController.m; sourceTree = "<group>"; };
		ED12A31A1D62139B0009A6B0 /* CTCrossDissolveTransitionAnimator.h */ = {isa = PBXFileReference; fileEncoding = 4; lastKnownFileType = sourcecode.c.h; path = CTCrossDissolveTransitionAnimator.h; sourceTree = "<group>"; };
		ED12A31B1D62139B0009A6B0 /* CTCrossDissolveTransitionAnimator.m */ = {isa = PBXFileReference; fileEncoding = 4; lastKnownFileType = sourcecode.c.objc; path = CTCrossDissolveTransitionAnimator.m; sourceTree = "<group>"; };
/* End PBXFileReference section */

/* Begin PBXFrameworksBuildPhase section */
		ED12A2E81D6204460009A6B0 /* Frameworks */ = {
			isa = PBXFrameworksBuildPhase;
			buildActionMask = 2147483647;
			files = (
				69E75939CDFEB4FB71173A42 /* libPods-CustomTransitions.a in Frameworks */,
			);
			runOnlyForDeploymentPostprocessing = 0;
		};
/* End PBXFrameworksBuildPhase section */

/* Begin PBXGroup section */
		32E8A139736F486C5C878CF5 /* Pods */ = {
			isa = PBXGroup;
			children = (
				E634534B927E49519F8B2F8C /* Pods-CustomTransitions.debug.xcconfig */,
				6F6F1DA5CF8F2D700EC1735D /* Pods-CustomTransitions.release.xcconfig */,
			);
			name = Pods;
			sourceTree = "<group>";
		};
		ED12A2E21D6204460009A6B0 = {
			isa = PBXGroup;
			children = (
				ED12A2ED1D6204460009A6B0 /* CustomTransitions */,
				ED12A2EC1D6204460009A6B0 /* Products */,
				32E8A139736F486C5C878CF5 /* Pods */,
				F7155DB23FD845F12E843FC2 /* Frameworks */,
			);
			sourceTree = "<group>";
		};
		ED12A2EC1D6204460009A6B0 /* Products */ = {
			isa = PBXGroup;
			children = (
				ED12A2EB1D6204460009A6B0 /* CustomTransitions.app */,
			);
			name = Products;
			sourceTree = "<group>";
		};
		ED12A2ED1D6204460009A6B0 /* CustomTransitions */ = {
			isa = PBXGroup;
			children = (
				ED12A2F11D6204460009A6B0 /* AppDelegate.h */,
				ED12A2F21D6204460009A6B0 /* AppDelegate.m */,
				ED12A3051D6204B10009A6B0 /* Category */,
				ED12A3061D6204B10009A6B0 /* Resource */,
				ED12A3071D6204B10009A6B0 /* View */,
				ED12A3081D6204B10009A6B0 /* ViewController */,
				ED12A2EE1D6204460009A6B0 /* Supporting Files */,
			);
			path = CustomTransitions;
			sourceTree = "<group>";
		};
		ED12A2EE1D6204460009A6B0 /* Supporting Files */ = {
			isa = PBXGroup;
			children = (
				ED12A2FF1D6204460009A6B0 /* Info.plist */,
				ED12A2EF1D6204460009A6B0 /* main.m */,
				ED12A3161D6210CE0009A6B0 /* PrefixHeader.pch */,
			);
			name = "Supporting Files";
			sourceTree = "<group>";
		};
		ED12A3051D6204B10009A6B0 /* Category */ = {
			isa = PBXGroup;
			children = (
				ED12A3131D620F350009A6B0 /* UIColor+CTCustomColors.h */,
				ED12A3141D620F350009A6B0 /* UIColor+CTCustomColors.m */,
			);
			path = Category;
			sourceTree = "<group>";
		};
		ED12A3061D6204B10009A6B0 /* Resource */ = {
			isa = PBXGroup;
			children = (
				ED12A2F71D6204460009A6B0 /* Main.storyboard */,
				ED12A2FA1D6204460009A6B0 /* Assets.xcassets */,
				ED12A2FC1D6204460009A6B0 /* LaunchScreen.storyboard */,
			);
			path = Resource;
			sourceTree = "<group>";
		};
		ED12A3071D6204B10009A6B0 /* View */ = {
			isa = PBXGroup;
			children = (
				ED12A30C1D6206A60009A6B0 /* CTMenuTableViewCell.h */,
				ED12A30D1D6206A60009A6B0 /* CTMenuTableViewCell.m */,
			);
			path = View;
			sourceTree = "<group>";
		};
		ED12A3081D6204B10009A6B0 /* ViewController */ = {
			isa = PBXGroup;
			children = (
				ED12A3091D6205910009A6B0 /* CTMenuViewController.h */,
				ED12A30A1D6205910009A6B0 /* CTMenuViewController.m */,
				ED12A30F1D620A610009A6B0 /* CrossDissolve */,
			);
			path = ViewController;
			sourceTree = "<group>";
		};
		ED12A30F1D620A610009A6B0 /* CrossDissolve */ = {
			isa = PBXGroup;
			children = (
				ED12A3101D620ACA0009A6B0 /* CTCrossDissolveFirstViewController.h */,
				ED12A3111D620ACA0009A6B0 /* CTCrossDissolveFirstViewController.m */,
				ED12A3171D6213690009A6B0 /* CTCrossDissolveSecondViewController.h */,
				ED12A3181D6213690009A6B0 /* CTCrossDissolveSecondViewController.m */,
				ED12A31A1D62139B0009A6B0 /* CTCrossDissolveTransitionAnimator.h */,
				ED12A31B1D62139B0009A6B0 /* CTCrossDissolveTransitionAnimator.m */,
			);
			path = CrossDissolve;
			sourceTree = "<group>";
		};
		F7155DB23FD845F12E843FC2 /* Frameworks */ = {
			isa = PBXGroup;
			children = (
				EC629B76C291A34B77B8D57A /* libPods-CustomTransitions.a */,
			);
			name = Frameworks;
			sourceTree = "<group>";
		};
/* End PBXGroup section */

/* Begin PBXNativeTarget section */
		ED12A2EA1D6204460009A6B0 /* CustomTransitions */ = {
			isa = PBXNativeTarget;
			buildConfigurationList = ED12A3021D6204460009A6B0 /* Build configuration list for PBXNativeTarget "CustomTransitions" */;
			buildPhases = (
				608F96D90596084B771EBABB /* 📦 Check Pods Manifest.lock */,
				ED12A2E71D6204460009A6B0 /* Sources */,
				ED12A2E81D6204460009A6B0 /* Frameworks */,
				ED12A2E91D6204460009A6B0 /* Resources */,
				4CEAB7B28C7FD87FBB21F4F2 /* 📦 Embed Pods Frameworks */,
				DF12143598FB7CC602CFE78E /* 📦 Copy Pods Resources */,
			);
			buildRules = (
			);
			dependencies = (
			);
			name = CustomTransitions;
			productName = CustomTransitions;
			productReference = ED12A2EB1D6204460009A6B0 /* CustomTransitions.app */;
			productType = "com.apple.product-type.application";
		};
/* End PBXNativeTarget section */

/* Begin PBXProject section */
		ED12A2E31D6204460009A6B0 /* Project object */ = {
			isa = PBXProject;
			attributes = {
				LastUpgradeCheck = 0730;
				ORGANIZATIONNAME = alientech;
				TargetAttributes = {
					ED12A2EA1D6204460009A6B0 = {
						CreatedOnToolsVersion = 7.3.1;
						DevelopmentTeam = 325UP7528A;
					};
				};
			};
			buildConfigurationList = ED12A2E61D6204460009A6B0 /* Build configuration list for PBXProject "CustomTransitions" */;
			compatibilityVersion = "Xcode 3.2";
			developmentRegion = English;
			hasScannedForEncodings = 0;
			knownRegions = (
				en,
				Base,
			);
			mainGroup = ED12A2E21D6204460009A6B0;
			productRefGroup = ED12A2EC1D6204460009A6B0 /* Products */;
			projectDirPath = "";
			projectRoot = "";
			targets = (
				ED12A2EA1D6204460009A6B0 /* CustomTransitions */,
			);
		};
/* End PBXProject section */

/* Begin PBXResourcesBuildPhase section */
		ED12A2E91D6204460009A6B0 /* Resources */ = {
			isa = PBXResourcesBuildPhase;
			buildActionMask = 2147483647;
			files = (
				ED12A2FE1D6204460009A6B0 /* LaunchScreen.storyboard in Resources */,
				ED12A2FB1D6204460009A6B0 /* Assets.xcassets in Resources */,
				ED12A2F91D6204460009A6B0 /* Main.storyboard in Resources */,
			);
			runOnlyForDeploymentPostprocessing = 0;
		};
/* End PBXResourcesBuildPhase section */

/* Begin PBXShellScriptBuildPhase section */
		4CEAB7B28C7FD87FBB21F4F2 /* 📦 Embed Pods Frameworks */ = {
			isa = PBXShellScriptBuildPhase;
			buildActionMask = 2147483647;
			files = (
			);
			inputPaths = (
			);
			name = "📦 Embed Pods Frameworks";
			outputPaths = (
			);
			runOnlyForDeploymentPostprocessing = 0;
			shellPath = /bin/sh;
			shellScript = "\"${SRCROOT}/Pods/Target Support Files/Pods-CustomTransitions/Pods-CustomTransitions-frameworks.sh\"\n";
			showEnvVarsInLog = 0;
		};
		608F96D90596084B771EBABB /* 📦 Check Pods Manifest.lock */ = {
			isa = PBXShellScriptBuildPhase;
			buildActionMask = 2147483647;
			files = (
			);
			inputPaths = (
			);
			name = "📦 Check Pods Manifest.lock";
			outputPaths = (
			);
			runOnlyForDeploymentPostprocessing = 0;
			shellPath = /bin/sh;
			shellScript = "diff \"${PODS_ROOT}/../Podfile.lock\" \"${PODS_ROOT}/Manifest.lock\" > /dev/null\nif [[ $? != 0 ]] ; then\n    cat << EOM\nerror: The sandbox is not in sync with the Podfile.lock. Run 'pod install' or update your CocoaPods installation.\nEOM\n    exit 1\nfi\n";
			showEnvVarsInLog = 0;
		};
		DF12143598FB7CC602CFE78E /* 📦 Copy Pods Resources */ = {
			isa = PBXShellScriptBuildPhase;
			buildActionMask = 2147483647;
			files = (
			);
			inputPaths = (
			);
			name = "📦 Copy Pods Resources";
			outputPaths = (
			);
			runOnlyForDeploymentPostprocessing = 0;
			shellPath = /bin/sh;
			shellScript = "\"${SRCROOT}/Pods/Target Support Files/Pods-CustomTransitions/Pods-CustomTransitions-resources.sh\"\n";
			showEnvVarsInLog = 0;
		};
/* End PBXShellScriptBuildPhase section */

/* Begin PBXSourcesBuildPhase section */
		ED12A2E71D6204460009A6B0 /* Sources */ = {
			isa = PBXSourcesBuildPhase;
			buildActionMask = 2147483647;
			files = (
				ED12A2F31D6204460009A6B0 /* AppDelegate.m in Sources */,
				ED12A3151D620F350009A6B0 /* UIColor+CTCustomColors.m in Sources */,
				ED12A2F01D6204460009A6B0 /* main.m in Sources */,
				ED12A30B1D6205910009A6B0 /* CTMenuViewController.m in Sources */,
				ED12A30E1D6206A60009A6B0 /* CTMenuTableViewCell.m in Sources */,
				ED12A3191D6213690009A6B0 /* CTCrossDissolveSecondViewController.m in Sources */,
				ED12A31C1D62139B0009A6B0 /* CTCrossDissolveTransitionAnimator.m in Sources */,
				ED12A3121D620ACA0009A6B0 /* CTCrossDissolveFirstViewController.m in Sources */,
			);
			runOnlyForDeploymentPostprocessing = 0;
		};
/* End PBXSourcesBuildPhase section */

/* Begin PBXVariantGroup section */
		ED12A2F71D6204460009A6B0 /* Main.storyboard */ = {
			isa = PBXVariantGroup;
			children = (
				ED12A2F81D6204460009A6B0 /* Base */,
			);
			name = Main.storyboard;
			path = ..;
			sourceTree = "<group>";
		};
		ED12A2FC1D6204460009A6B0 /* LaunchScreen.storyboard */ = {
			isa = PBXVariantGroup;
			children = (
				ED12A2FD1D6204460009A6B0 /* Base */,
			);
			name = LaunchScreen.storyboard;
			path = ..;
			sourceTree = "<group>";
		};
/* End PBXVariantGroup section */

/* Begin XCBuildConfiguration section */
		ED12A3001D6204460009A6B0 /* Debug */ = {
			isa = XCBuildConfiguration;
			buildSettings = {
				ALWAYS_SEARCH_USER_PATHS = NO;
				CLANG_ANALYZER_NONNULL = YES;
				CLANG_CXX_LANGUAGE_STANDARD = "gnu++0x";
				CLANG_CXX_LIBRARY = "libc++";
				CLANG_ENABLE_MODULES = YES;
				CLANG_ENABLE_OBJC_ARC = YES;
				CLANG_WARN_BOOL_CONVERSION = YES;
				CLANG_WARN_CONSTANT_CONVERSION = YES;
				CLANG_WARN_DIRECT_OBJC_ISA_USAGE = YES_ERROR;
				CLANG_WARN_EMPTY_BODY = YES;
				CLANG_WARN_ENUM_CONVERSION = YES;
				CLANG_WARN_INT_CONVERSION = YES;
				CLANG_WARN_OBJC_ROOT_CLASS = YES_ERROR;
				CLANG_WARN_UNREACHABLE_CODE = YES;
				CLANG_WARN__DUPLICATE_METHOD_MATCH = YES;
				"CODE_SIGN_IDENTITY[sdk=iphoneos*]" = "iPhone Developer";
				COPY_PHASE_STRIP = NO;
				DEBUG_INFORMATION_FORMAT = dwarf;
				ENABLE_STRICT_OBJC_MSGSEND = YES;
				ENABLE_TESTABILITY = YES;
				GCC_C_LANGUAGE_STANDARD = gnu99;
				GCC_DYNAMIC_NO_PIC = NO;
				GCC_NO_COMMON_BLOCKS = YES;
				GCC_OPTIMIZATION_LEVEL = 0;
				GCC_PREPROCESSOR_DEFINITIONS = (
					"DEBUG=1",
					"$(inherited)",
				);
				GCC_WARN_64_TO_32_BIT_CONVERSION = YES;
				GCC_WARN_ABOUT_RETURN_TYPE = YES_ERROR;
				GCC_WARN_UNDECLARED_SELECTOR = YES;
				GCC_WARN_UNINITIALIZED_AUTOS = YES_AGGRESSIVE;
				GCC_WARN_UNUSED_FUNCTION = YES;
				GCC_WARN_UNUSED_VARIABLE = YES;
				IPHONEOS_DEPLOYMENT_TARGET = 9.3;
				MTL_ENABLE_DEBUG_INFO = YES;
				ONLY_ACTIVE_ARCH = YES;
				SDKROOT = iphoneos;
			};
			name = Debug;
		};
		ED12A3011D6204460009A6B0 /* Release */ = {
			isa = XCBuildConfiguration;
			buildSettings = {
				ALWAYS_SEARCH_USER_PATHS = NO;
				CLANG_ANALYZER_NONNULL = YES;
				CLANG_CXX_LANGUAGE_STANDARD = "gnu++0x";
				CLANG_CXX_LIBRARY = "libc++";
				CLANG_ENABLE_MODULES = YES;
				CLANG_ENABLE_OBJC_ARC = YES;
				CLANG_WARN_BOOL_CONVERSION = YES;
				CLANG_WARN_CONSTANT_CONVERSION = YES;
				CLANG_WARN_DIRECT_OBJC_ISA_USAGE = YES_ERROR;
				CLANG_WARN_EMPTY_BODY = YES;
				CLANG_WARN_ENUM_CONVERSION = YES;
				CLANG_WARN_INT_CONVERSION = YES;
				CLANG_WARN_OBJC_ROOT_CLASS = YES_ERROR;
				CLANG_WARN_UNREACHABLE_CODE = YES;
				CLANG_WARN__DUPLICATE_METHOD_MATCH = YES;
				"CODE_SIGN_IDENTITY[sdk=iphoneos*]" = "iPhone Developer";
				COPY_PHASE_STRIP = NO;
				DEBUG_INFORMATION_FORMAT = "dwarf-with-dsym";
				ENABLE_NS_ASSERTIONS = NO;
				ENABLE_STRICT_OBJC_MSGSEND = YES;
				GCC_C_LANGUAGE_STANDARD = gnu99;
				GCC_NO_COMMON_BLOCKS = YES;
				GCC_WARN_64_TO_32_BIT_CONVERSION = YES;
				GCC_WARN_ABOUT_RETURN_TYPE = YES_ERROR;
				GCC_WARN_UNDECLARED_SELECTOR = YES;
				GCC_WARN_UNINITIALIZED_AUTOS = YES_AGGRESSIVE;
				GCC_WARN_UNUSED_FUNCTION = YES;
				GCC_WARN_UNUSED_VARIABLE = YES;
				IPHONEOS_DEPLOYMENT_TARGET = 9.3;
				MTL_ENABLE_DEBUG_INFO = NO;
				SDKROOT = iphoneos;
				VALIDATE_PRODUCT = YES;
			};
			name = Release;
		};
		ED12A3031D6204460009A6B0 /* Debug */ = {
			isa = XCBuildConfiguration;
			baseConfigurationReference = E634534B927E49519F8B2F8C /* Pods-CustomTransitions.debug.xcconfig */;
			buildSettings = {
				ASSETCATALOG_COMPILER_APPICON_NAME = AppIcon;
				GCC_PREFIX_HEADER = "$(PRODUCT_NAME)/PrefixHeader.pch";
				INFOPLIST_FILE = CustomTransitions/Info.plist;
				LD_RUNPATH_SEARCH_PATHS = "$(inherited) @executable_path/Frameworks";
				PRODUCT_BUNDLE_IDENTIFIER = com.alientech.CustomTransitions;
				PRODUCT_NAME = "$(TARGET_NAME)";
			};
			name = Debug;
		};
		ED12A3041D6204460009A6B0 /* Release */ = {
			isa = XCBuildConfiguration;
			baseConfigurationReference = 6F6F1DA5CF8F2D700EC1735D /* Pods-CustomTransitions.release.xcconfig */;
			buildSettings = {
				ASSETCATALOG_COMPILER_APPICON_NAME = AppIcon;
				GCC_PREFIX_HEADER = "$(PRODUCT_NAME)/PrefixHeader.pch";
				INFOPLIST_FILE = CustomTransitions/Info.plist;
				LD_RUNPATH_SEARCH_PATHS = "$(inherited) @executable_path/Frameworks";
				PRODUCT_BUNDLE_IDENTIFIER = com.alientech.CustomTransitions;
				PRODUCT_NAME = "$(TARGET_NAME)";
			};
			name = Release;
		};
/* End XCBuildConfiguration section */

/* Begin XCConfigurationList section */
		ED12A2E61D6204460009A6B0 /* Build configuration list for PBXProject "CustomTransitions" */ = {
			isa = XCConfigurationList;
			buildConfigurations = (
				ED12A3001D6204460009A6B0 /* Debug */,
				ED12A3011D6204460009A6B0 /* Release */,
			);
			defaultConfigurationIsVisible = 0;
			defaultConfigurationName = Release;
		};
		ED12A3021D6204460009A6B0 /* Build configuration list for PBXNativeTarget "CustomTransitions" */ = {
			isa = XCConfigurationList;
			buildConfigurations = (
				ED12A3031D6204460009A6B0 /* Debug */,
				ED12A3041D6204460009A6B0 /* Release */,
			);
			defaultConfigurationIsVisible = 0;
			defaultConfigurationName = Release;
		};
/* End XCConfigurationList section */
	};
	rootObject = ED12A2E31D6204460009A6B0 /* Project object */;
}
